
Microsoft Visual Studio Solution File, Format Version 12.00
# Visual Studio Version 17
VisualStudioVersion = 17.0.31912.275
MinimumVisualStudioVersion = 10.0.40219.1
Project("{FAE04EC0-301F-11D3-BF4B-00C04F79EFBC}") = "GroupCourseWork", "GroupCourseWork\GroupCourseWork.csproj", "{DCD235DF-7292-48A9-ADEE-2645E0C132FF}"
EndProject
Global
	GlobalSection(SolutionConfigurationPlatforms) = preSolution
		Debug|Any CPU = Debug|Any CPU
		Release|Any CPU = Release|Any CPU
	EndGlobalSection
	GlobalSection(ProjectConfigurationPlatforms) = postSolution
		{DCD235DF-7292-48A9-ADEE-2645E0C132FF}.Debug|Any CPU.ActiveCfg = Debug|Any CPU
		{DCD235DF-7292-48A9-ADEE-2645E0C132FF}.Debug|Any CPU.Build.0 = Debug|Any CPU
		{DCD235DF-7292-48A9-ADEE-2645E0C132FF}.Release|Any CPU.ActiveCfg = Release|Any CPU
		{DCD235DF-7292-48A9-ADEE-2645E0C132FF}.Release|Any CPU.Build.0 = Release|Any CPU
	EndGlobalSection
	GlobalSection(SolutionProperties) = preSolution
		HideSolutionNode = FALSE
	EndGlobalSection
	GlobalSection(ExtensibilityGlobals) = postSolution
		SolutionGuid = {42AB0B5C-248F-4FB1-A22F-F4D93ACD34DC}
	EndGlobalSection
EndGlobal
